// !$*UTF8*$!
{
	archiveVersion = 1;
	classes = {
	};
	objectVersion = 46;
	objects = {

/* Begin PBXBuildFile section */
		36AB9B81BF40402D88AF42C0 /* libPods.a in Frameworks */ = {isa = PBXBuildFile; fileRef = CE8E3FCC13BE425F9478ED2D /* libPods.a */; };
		3BCC34B5228841F89A06DCBF /* libPods.a in Frameworks */ = {isa = PBXBuildFile; fileRef = CE8E3FCC13BE425F9478ED2D /* libPods.a */; };
		C704238B1826C40700EBFC3E /* CoreLocation.framework in Frameworks */ = {isa = PBXBuildFile; fileRef = C704238A1826C40700EBFC3E /* CoreLocation.framework */; };
		C718A8C4181E664F00C11A0D /* Foundation.framework in Frameworks */ = {isa = PBXBuildFile; fileRef = C722D5F316CA9A17000E96D4 /* Foundation.framework */; };
		C718A8C5181E664F00C11A0D /* UIKit.framework in Frameworks */ = {isa = PBXBuildFile; fileRef = C722D5F116CA9A17000E96D4 /* UIKit.framework */; };
		C718A8CB181E664F00C11A0D /* InfoPlist.strings in Resources */ = {isa = PBXBuildFile; fileRef = C718A8C9181E664F00C11A0D /* InfoPlist.strings */; };
		C718A8CD181E664F00C11A0D /* StatensVegvesen_Tests.m in Sources */ = {isa = PBXBuildFile; fileRef = C718A8CC181E664F00C11A0D /* StatensVegvesen_Tests.m */; };
		C718A8D5181E666F00C11A0D /* XCTest.framework in Frameworks */ = {isa = PBXBuildFile; fileRef = C718A8D4181E666F00C11A0D /* XCTest.framework */; };
		C718A8D9181E6CDE00C11A0D /* CLPWebCamera.m in Sources */ = {isa = PBXBuildFile; fileRef = C718A8D8181E6CDE00C11A0D /* CLPWebCamera.m */; };
		C718A8DC181E70A500C11A0D /* CLPWebCameraXML.m in Sources */ = {isa = PBXBuildFile; fileRef = C718A8DB181E70A500C11A0D /* CLPWebCameraXML.m */; };
		C718A8DF181E72C200C11A0D /* CLPWebCameras.m in Sources */ = {isa = PBXBuildFile; fileRef = C718A8DE181E72C200C11A0D /* CLPWebCameras.m */; };
		C718A8E2181E72F200C11A0D /* CLPWebCamerasXML.m in Sources */ = {isa = PBXBuildFile; fileRef = C718A8E1181E72F200C11A0D /* CLPWebCamerasXML.m */; };
		C722D5F216CA9A17000E96D4 /* UIKit.framework in Frameworks */ = {isa = PBXBuildFile; fileRef = C722D5F116CA9A17000E96D4 /* UIKit.framework */; };
		C722D5F416CA9A17000E96D4 /* Foundation.framework in Frameworks */ = {isa = PBXBuildFile; fileRef = C722D5F316CA9A17000E96D4 /* Foundation.framework */; };
		C722D5F616CA9A17000E96D4 /* CoreGraphics.framework in Frameworks */ = {isa = PBXBuildFile; fileRef = C722D5F516CA9A17000E96D4 /* CoreGraphics.framework */; };
		C722D5FC16CA9A17000E96D4 /* InfoPlist.strings in Resources */ = {isa = PBXBuildFile; fileRef = C722D5FA16CA9A17000E96D4 /* InfoPlist.strings */; };
		C722D5FE16CA9A17000E96D4 /* main.m in Sources */ = {isa = PBXBuildFile; fileRef = C722D5FD16CA9A17000E96D4 /* main.m */; };
		C722D60216CA9A17000E96D4 /* CPAppDelegate.m in Sources */ = {isa = PBXBuildFile; fileRef = C722D60116CA9A17000E96D4 /* CPAppDelegate.m */; };
		C722D60416CA9A17000E96D4 /* Default.png in Resources */ = {isa = PBXBuildFile; fileRef = C722D60316CA9A17000E96D4 /* Default.png */; };
		C722D60616CA9A17000E96D4 /* Default@2x.png in Resources */ = {isa = PBXBuildFile; fileRef = C722D60516CA9A17000E96D4 /* Default@2x.png */; };
		C722D60816CA9A17000E96D4 /* Default-568h@2x.png in Resources */ = {isa = PBXBuildFile; fileRef = C722D60716CA9A17000E96D4 /* Default-568h@2x.png */; };
		C722D60B16CA9A17000E96D4 /* MainStoryboard.storyboard in Resources */ = {isa = PBXBuildFile; fileRef = C722D60916CA9A17000E96D4 /* MainStoryboard.storyboard */; };
		C722D60E16CA9A17000E96D4 /* CLPCamerasViewController.m in Sources */ = {isa = PBXBuildFile; fileRef = C722D60D16CA9A17000E96D4 /* CLPCamerasViewController.m */; };
		C722D62E16CA9AFF000E96D4 /* CLPCameraService.m in Sources */ = {isa = PBXBuildFile; fileRef = C722D62D16CA9AFF000E96D4 /* CLPCameraService.m */; };
		C75D7F0F17D32B3800BB3E22 /* CLPCameraViewCell.m in Sources */ = {isa = PBXBuildFile; fileRef = C75D7F0E17D32B3800BB3E22 /* CLPCameraViewCell.m */; };
		C7AA5CDA182C443200CF65DC /* CLPCameraViewController.m in Sources */ = {isa = PBXBuildFile; fileRef = C7AA5CD9182C443200CF65DC /* CLPCameraViewController.m */; };
/* End PBXBuildFile section */

/* Begin PBXContainerItemProxy section */
		C718A8CF181E664F00C11A0D /* PBXContainerItemProxy */ = {
			isa = PBXContainerItemProxy;
			containerPortal = C722D5E616CA9A17000E96D4 /* Project object */;
			proxyType = 1;
			remoteGlobalIDString = C722D5ED16CA9A17000E96D4;
			remoteInfo = StatensVegvesen;
		};
/* End PBXContainerItemProxy section */

/* Begin PBXFileReference section */
		389F2CDBE0D74194BF3A94B3 /* Pods.xcconfig */ = {isa = PBXFileReference; includeInIndex = 1; lastKnownFileType = text.xcconfig; name = Pods.xcconfig; path = Pods/Pods.xcconfig; sourceTree = SOURCE_ROOT; };
		C704238A1826C40700EBFC3E /* CoreLocation.framework */ = {isa = PBXFileReference; lastKnownFileType = wrapper.framework; name = CoreLocation.framework; path = System/Library/Frameworks/CoreLocation.framework; sourceTree = SDKROOT; };
		C718A8C1181E664F00C11A0D /* StatensVegvesen Tests.xctest */ = {isa = PBXFileReference; explicitFileType = wrapper.cfbundle; includeInIndex = 0; path = "StatensVegvesen Tests.xctest"; sourceTree = BUILT_PRODUCTS_DIR; };
		C718A8C8181E664F00C11A0D /* StatensVegvesen Tests-Info.plist */ = {isa = PBXFileReference; lastKnownFileType = text.plist.xml; path = "StatensVegvesen Tests-Info.plist"; sourceTree = "<group>"; };
		C718A8CA181E664F00C11A0D /* en */ = {isa = PBXFileReference; lastKnownFileType = text.plist.strings; name = en; path = en.lproj/InfoPlist.strings; sourceTree = "<group>"; };
		C718A8CC181E664F00C11A0D /* StatensVegvesen_Tests.m */ = {isa = PBXFileReference; lastKnownFileType = sourcecode.c.objc; path = StatensVegvesen_Tests.m; sourceTree = "<group>"; };
		C718A8CE181E664F00C11A0D /* StatensVegvesen Tests-Prefix.pch */ = {isa = PBXFileReference; lastKnownFileType = sourcecode.c.h; path = "StatensVegvesen Tests-Prefix.pch"; sourceTree = "<group>"; };
		C718A8D4181E666F00C11A0D /* XCTest.framework */ = {isa = PBXFileReference; lastKnownFileType = wrapper.framework; name = XCTest.framework; path = Library/Frameworks/XCTest.framework; sourceTree = DEVELOPER_DIR; };
		C718A8D7181E6CDE00C11A0D /* CLPWebCamera.h */ = {isa = PBXFileReference; fileEncoding = 4; lastKnownFileType = sourcecode.c.h; path = CLPWebCamera.h; sourceTree = "<group>"; };
		C718A8D8181E6CDE00C11A0D /* CLPWebCamera.m */ = {isa = PBXFileReference; fileEncoding = 4; lastKnownFileType = sourcecode.c.objc; path = CLPWebCamera.m; sourceTree = "<group>"; };
		C718A8DA181E70A500C11A0D /* CLPWebCameraXML.h */ = {isa = PBXFileReference; fileEncoding = 4; lastKnownFileType = sourcecode.c.h; path = CLPWebCameraXML.h; sourceTree = "<group>"; };
		C718A8DB181E70A500C11A0D /* CLPWebCameraXML.m */ = {isa = PBXFileReference; fileEncoding = 4; lastKnownFileType = sourcecode.c.objc; path = CLPWebCameraXML.m; sourceTree = "<group>"; };
		C718A8DD181E72C200C11A0D /* CLPWebCameras.h */ = {isa = PBXFileReference; fileEncoding = 4; lastKnownFileType = sourcecode.c.h; path = CLPWebCameras.h; sourceTree = "<group>"; };
		C718A8DE181E72C200C11A0D /* CLPWebCameras.m */ = {isa = PBXFileReference; fileEncoding = 4; lastKnownFileType = sourcecode.c.objc; path = CLPWebCameras.m; sourceTree = "<group>"; };
		C718A8E0181E72F200C11A0D /* CLPWebCamerasXML.h */ = {isa = PBXFileReference; fileEncoding = 4; lastKnownFileType = sourcecode.c.h; path = CLPWebCamerasXML.h; sourceTree = "<group>"; };
		C718A8E1181E72F200C11A0D /* CLPWebCamerasXML.m */ = {isa = PBXFileReference; fileEncoding = 4; lastKnownFileType = sourcecode.c.objc; path = CLPWebCamerasXML.m; sourceTree = "<group>"; };
		C722D5EE16CA9A17000E96D4 /* StatensVegvesen.app */ = {isa = PBXFileReference; explicitFileType = wrapper.application; includeInIndex = 0; path = StatensVegvesen.app; sourceTree = BUILT_PRODUCTS_DIR; };
		C722D5F116CA9A17000E96D4 /* UIKit.framework */ = {isa = PBXFileReference; lastKnownFileType = wrapper.framework; name = UIKit.framework; path = System/Library/Frameworks/UIKit.framework; sourceTree = SDKROOT; };
		C722D5F316CA9A17000E96D4 /* Foundation.framework */ = {isa = PBXFileReference; lastKnownFileType = wrapper.framework; name = Foundation.framework; path = System/Library/Frameworks/Foundation.framework; sourceTree = SDKROOT; };
		C722D5F516CA9A17000E96D4 /* CoreGraphics.framework */ = {isa = PBXFileReference; lastKnownFileType = wrapper.framework; name = CoreGraphics.framework; path = System/Library/Frameworks/CoreGraphics.framework; sourceTree = SDKROOT; };
		C722D5F916CA9A17000E96D4 /* StatensVegvesen-Info.plist */ = {isa = PBXFileReference; lastKnownFileType = text.plist.xml; path = "StatensVegvesen-Info.plist"; sourceTree = "<group>"; };
		C722D5FB16CA9A17000E96D4 /* en */ = {isa = PBXFileReference; lastKnownFileType = text.plist.strings; name = en; path = en.lproj/InfoPlist.strings; sourceTree = "<group>"; };
		C722D5FD16CA9A17000E96D4 /* main.m */ = {isa = PBXFileReference; lastKnownFileType = sourcecode.c.objc; path = main.m; sourceTree = "<group>"; };
		C722D5FF16CA9A17000E96D4 /* StatensVegvesen-Prefix.pch */ = {isa = PBXFileReference; lastKnownFileType = sourcecode.c.h; path = "StatensVegvesen-Prefix.pch"; sourceTree = "<group>"; };
		C722D60016CA9A17000E96D4 /* CPAppDelegate.h */ = {isa = PBXFileReference; lastKnownFileType = sourcecode.c.h; path = CPAppDelegate.h; sourceTree = "<group>"; };
		C722D60116CA9A17000E96D4 /* CPAppDelegate.m */ = {isa = PBXFileReference; lastKnownFileType = sourcecode.c.objc; path = CPAppDelegate.m; sourceTree = "<group>"; };
		C722D60316CA9A17000E96D4 /* Default.png */ = {isa = PBXFileReference; lastKnownFileType = image.png; path = Default.png; sourceTree = "<group>"; };
		C722D60516CA9A17000E96D4 /* Default@2x.png */ = {isa = PBXFileReference; lastKnownFileType = image.png; path = "Default@2x.png"; sourceTree = "<group>"; };
		C722D60716CA9A17000E96D4 /* Default-568h@2x.png */ = {isa = PBXFileReference; lastKnownFileType = image.png; path = "Default-568h@2x.png"; sourceTree = "<group>"; };
		C722D60A16CA9A17000E96D4 /* en */ = {isa = PBXFileReference; lastKnownFileType = file.storyboard; name = en; path = en.lproj/MainStoryboard.storyboard; sourceTree = "<group>"; };
		C722D60C16CA9A17000E96D4 /* CLPCamerasViewController.h */ = {isa = PBXFileReference; lastKnownFileType = sourcecode.c.h; path = CLPCamerasViewController.h; sourceTree = "<group>"; };
		C722D60D16CA9A17000E96D4 /* CLPCamerasViewController.m */ = {isa = PBXFileReference; lastKnownFileType = sourcecode.c.objc; path = CLPCamerasViewController.m; sourceTree = "<group>"; };
		C722D61516CA9A17000E96D4 /* SenTestingKit.framework */ = {isa = PBXFileReference; lastKnownFileType = wrapper.framework; name = SenTestingKit.framework; path = Library/Frameworks/SenTestingKit.framework; sourceTree = DEVELOPER_DIR; };
		C722D62C16CA9AFF000E96D4 /* CLPCameraService.h */ = {isa = PBXFileReference; fileEncoding = 4; lastKnownFileType = sourcecode.c.h; path = CLPCameraService.h; sourceTree = "<group>"; };
		C722D62D16CA9AFF000E96D4 /* CLPCameraService.m */ = {isa = PBXFileReference; fileEncoding = 4; lastKnownFileType = sourcecode.c.objc; path = CLPCameraService.m; sourceTree = "<group>"; };
		C75D7F0D17D32B3800BB3E22 /* CLPCameraViewCell.h */ = {isa = PBXFileReference; fileEncoding = 4; lastKnownFileType = sourcecode.c.h; path = CLPCameraViewCell.h; sourceTree = "<group>"; };
		C75D7F0E17D32B3800BB3E22 /* CLPCameraViewCell.m */ = {isa = PBXFileReference; fileEncoding = 4; lastKnownFileType = sourcecode.c.objc; path = CLPCameraViewCell.m; sourceTree = "<group>"; };
		C7AA5CD8182C443200CF65DC /* CLPCameraViewController.h */ = {isa = PBXFileReference; fileEncoding = 4; lastKnownFileType = sourcecode.c.h; path = CLPCameraViewController.h; sourceTree = "<group>"; };
		C7AA5CD9182C443200CF65DC /* CLPCameraViewController.m */ = {isa = PBXFileReference; fileEncoding = 4; lastKnownFileType = sourcecode.c.objc; path = CLPCameraViewController.m; sourceTree = "<group>"; };
		CE8E3FCC13BE425F9478ED2D /* libPods.a */ = {isa = PBXFileReference; explicitFileType = archive.ar; includeInIndex = 0; path = libPods.a; sourceTree = BUILT_PRODUCTS_DIR; };
/* End PBXFileReference section */

/* Begin PBXFrameworksBuildPhase section */
		C718A8BE181E664F00C11A0D /* Frameworks */ = {
			isa = PBXFrameworksBuildPhase;
			buildActionMask = 2147483647;
			files = (
				C718A8D5181E666F00C11A0D /* XCTest.framework in Frameworks */,
				C718A8C5181E664F00C11A0D /* UIKit.framework in Frameworks */,
				C718A8C4181E664F00C11A0D /* Foundation.framework in Frameworks */,
				36AB9B81BF40402D88AF42C0 /* libPods.a in Frameworks */,
			);
			runOnlyForDeploymentPostprocessing = 0;
		};
		C722D5EB16CA9A17000E96D4 /* Frameworks */ = {
			isa = PBXFrameworksBuildPhase;
			buildActionMask = 2147483647;
			files = (
				C704238B1826C40700EBFC3E /* CoreLocation.framework in Frameworks */,
				C722D5F216CA9A17000E96D4 /* UIKit.framework in Frameworks */,
				C722D5F416CA9A17000E96D4 /* Foundation.framework in Frameworks */,
				C722D5F616CA9A17000E96D4 /* CoreGraphics.framework in Frameworks */,
				3BCC34B5228841F89A06DCBF /* libPods.a in Frameworks */,
			);
			runOnlyForDeploymentPostprocessing = 0;
		};
/* End PBXFrameworksBuildPhase section */

/* Begin PBXGroup section */
		C718A8C6181E664F00C11A0D /* StatensVegvesen Tests */ = {
			isa = PBXGroup;
			children = (
				C718A8CC181E664F00C11A0D /* StatensVegvesen_Tests.m */,
				C718A8C7181E664F00C11A0D /* Supporting Files */,
			);
			path = "StatensVegvesen Tests";
			sourceTree = "<group>";
		};
		C718A8C7181E664F00C11A0D /* Supporting Files */ = {
			isa = PBXGroup;
			children = (
				C718A8C8181E664F00C11A0D /* StatensVegvesen Tests-Info.plist */,
				C718A8C9181E664F00C11A0D /* InfoPlist.strings */,
				C718A8CE181E664F00C11A0D /* StatensVegvesen Tests-Prefix.pch */,
			);
			name = "Supporting Files";
			sourceTree = "<group>";
		};
		C718A8D6181E6CC400C11A0D /* Model Objects */ = {
			isa = PBXGroup;
			children = (
				C718A8D7181E6CDE00C11A0D /* CLPWebCamera.h */,
				C718A8D8181E6CDE00C11A0D /* CLPWebCamera.m */,
				C718A8DA181E70A500C11A0D /* CLPWebCameraXML.h */,
				C718A8DB181E70A500C11A0D /* CLPWebCameraXML.m */,
				C718A8DD181E72C200C11A0D /* CLPWebCameras.h */,
				C718A8DE181E72C200C11A0D /* CLPWebCameras.m */,
				C718A8E0181E72F200C11A0D /* CLPWebCamerasXML.h */,
				C718A8E1181E72F200C11A0D /* CLPWebCamerasXML.m */,
			);
			path = "Model Objects";
			sourceTree = "<group>";
		};
		C722D5E516CA9A17000E96D4 = {
			isa = PBXGroup;
			children = (
				C722D5F716CA9A17000E96D4 /* StatensVegvesen */,
				C718A8C6181E664F00C11A0D /* StatensVegvesen Tests */,
				C722D5F016CA9A17000E96D4 /* Frameworks */,
				C722D5EF16CA9A17000E96D4 /* Products */,
				389F2CDBE0D74194BF3A94B3 /* Pods.xcconfig */,
			);
			sourceTree = "<group>";
		};
		C722D5EF16CA9A17000E96D4 /* Products */ = {
			isa = PBXGroup;
			children = (
				C722D5EE16CA9A17000E96D4 /* StatensVegvesen.app */,
				C718A8C1181E664F00C11A0D /* StatensVegvesen Tests.xctest */,
			);
			name = Products;
			sourceTree = "<group>";
		};
		C722D5F016CA9A17000E96D4 /* Frameworks */ = {
			isa = PBXGroup;
			children = (
				C704238A1826C40700EBFC3E /* CoreLocation.framework */,
				C718A8D4181E666F00C11A0D /* XCTest.framework */,
				C722D5F116CA9A17000E96D4 /* UIKit.framework */,
				C722D5F316CA9A17000E96D4 /* Foundation.framework */,
				C722D5F516CA9A17000E96D4 /* CoreGraphics.framework */,
				C722D61516CA9A17000E96D4 /* SenTestingKit.framework */,
				CE8E3FCC13BE425F9478ED2D /* libPods.a */,
			);
			name = Frameworks;
			sourceTree = "<group>";
		};
		C722D5F716CA9A17000E96D4 /* StatensVegvesen */ = {
			isa = PBXGroup;
			children = (
				C718A8D6181E6CC400C11A0D /* Model Objects */,
				C722D60016CA9A17000E96D4 /* CPAppDelegate.h */,
				C722D60116CA9A17000E96D4 /* CPAppDelegate.m */,
				C722D60916CA9A17000E96D4 /* MainStoryboard.storyboard */,
				C7AA5CD8182C443200CF65DC /* CLPCameraViewController.h */,
				C7AA5CD9182C443200CF65DC /* CLPCameraViewController.m */,
				C722D60C16CA9A17000E96D4 /* CLPCamerasViewController.h */,
				C722D60D16CA9A17000E96D4 /* CLPCamerasViewController.m */,
				C75D7F0D17D32B3800BB3E22 /* CLPCameraViewCell.h */,
				C75D7F0E17D32B3800BB3E22 /* CLPCameraViewCell.m */,
				C722D62C16CA9AFF000E96D4 /* CLPCameraService.h */,
				C722D62D16CA9AFF000E96D4 /* CLPCameraService.m */,
				C722D5F816CA9A17000E96D4 /* Supporting Files */,
			);
			path = StatensVegvesen;
			sourceTree = "<group>";
		};
		C722D5F816CA9A17000E96D4 /* Supporting Files */ = {
			isa = PBXGroup;
			children = (
				C722D5F916CA9A17000E96D4 /* StatensVegvesen-Info.plist */,
				C722D5FA16CA9A17000E96D4 /* InfoPlist.strings */,
				C722D5FD16CA9A17000E96D4 /* main.m */,
				C722D5FF16CA9A17000E96D4 /* StatensVegvesen-Prefix.pch */,
				C722D60316CA9A17000E96D4 /* Default.png */,
				C722D60516CA9A17000E96D4 /* Default@2x.png */,
				C722D60716CA9A17000E96D4 /* Default-568h@2x.png */,
			);
			name = "Supporting Files";
			sourceTree = "<group>";
		};
/* End PBXGroup section */

/* Begin PBXNativeTarget section */
		C718A8C0181E664F00C11A0D /* StatensVegvesen Tests */ = {
			isa = PBXNativeTarget;
			buildConfigurationList = C718A8D1181E664F00C11A0D /* Build configuration list for PBXNativeTarget "StatensVegvesen Tests" */;
			buildPhases = (
				72E603D0FEBF416982937AB0 /* Check Pods Manifest.lock */,
				C718A8BD181E664F00C11A0D /* Sources */,
				C718A8BE181E664F00C11A0D /* Frameworks */,
				C718A8BF181E664F00C11A0D /* Resources */,
				9A741871DA474D79B5152343 /* Copy Pods Resources */,
			);
			buildRules = (
			);
			dependencies = (
				C718A8D0181E664F00C11A0D /* PBXTargetDependency */,
			);
			name = "StatensVegvesen Tests";
			productName = "StatensVegvesen Tests";
			productReference = C718A8C1181E664F00C11A0D /* StatensVegvesen Tests.xctest */;
			productType = "com.apple.product-type.bundle.unit-test";
		};
		C722D5ED16CA9A17000E96D4 /* StatensVegvesen */ = {
			isa = PBXNativeTarget;
			buildConfigurationList = C722D62616CA9A17000E96D4 /* Build configuration list for PBXNativeTarget "StatensVegvesen" */;
			buildPhases = (
				3C410A22BC0D4E11B22911F7 /* Check Pods Manifest.lock */,
				C722D5EA16CA9A17000E96D4 /* Sources */,
				C722D5EB16CA9A17000E96D4 /* Frameworks */,
				C722D5EC16CA9A17000E96D4 /* Resources */,
				9F96D905E4144031B8E743A4 /* Copy Pods Resources */,
			);
			buildRules = (
			);
			dependencies = (
			);
			name = StatensVegvesen;
			productName = StatensVegvesen;
			productReference = C722D5EE16CA9A17000E96D4 /* StatensVegvesen.app */;
			productType = "com.apple.product-type.application";
		};
/* End PBXNativeTarget section */

/* Begin PBXProject section */
		C722D5E616CA9A17000E96D4 /* Project object */ = {
			isa = PBXProject;
			attributes = {
				CLASSPREFIX = CLP;
				LastUpgradeCheck = 0500;
				ORGANIZATIONNAME = "Bird and Bear Studios";
				TargetAttributes = {
					C718A8C0181E664F00C11A0D = {
						TestTargetID = C722D5ED16CA9A17000E96D4;
					};
				};
			};
			buildConfigurationList = C722D5E916CA9A17000E96D4 /* Build configuration list for PBXProject "StatensVegvesen" */;
			compatibilityVersion = "Xcode 3.2";
			developmentRegion = English;
			hasScannedForEncodings = 0;
			knownRegions = (
				en,
			);
			mainGroup = C722D5E516CA9A17000E96D4;
			productRefGroup = C722D5EF16CA9A17000E96D4 /* Products */;
			projectDirPath = "";
			projectRoot = "";
			targets = (
				C722D5ED16CA9A17000E96D4 /* StatensVegvesen */,
				C718A8C0181E664F00C11A0D /* StatensVegvesen Tests */,
			);
		};
/* End PBXProject section */

/* Begin PBXResourcesBuildPhase section */
		C718A8BF181E664F00C11A0D /* Resources */ = {
			isa = PBXResourcesBuildPhase;
			buildActionMask = 2147483647;
			files = (
				C718A8CB181E664F00C11A0D /* InfoPlist.strings in Resources */,
			);
			runOnlyForDeploymentPostprocessing = 0;
		};
		C722D5EC16CA9A17000E96D4 /* Resources */ = {
			isa = PBXResourcesBuildPhase;
			buildActionMask = 2147483647;
			files = (
				C722D5FC16CA9A17000E96D4 /* InfoPlist.strings in Resources */,
				C722D60416CA9A17000E96D4 /* Default.png in Resources */,
				C722D60616CA9A17000E96D4 /* Default@2x.png in Resources */,
				C722D60816CA9A17000E96D4 /* Default-568h@2x.png in Resources */,
				C722D60B16CA9A17000E96D4 /* MainStoryboard.storyboard in Resources */,
			);
			runOnlyForDeploymentPostprocessing = 0;
		};
/* End PBXResourcesBuildPhase section */

/* Begin PBXShellScriptBuildPhase section */
		3C410A22BC0D4E11B22911F7 /* Check Pods Manifest.lock */ = {
			isa = PBXShellScriptBuildPhase;
			buildActionMask = 2147483647;
			files = (
			);
			inputPaths = (
			);
			name = "Check Pods Manifest.lock";
			outputPaths = (
			);
			runOnlyForDeploymentPostprocessing = 0;
			shellPath = /bin/sh;
			shellScript = "diff \"${PODS_ROOT}/../Podfile.lock\" \"${PODS_ROOT}/Manifest.lock\" > /dev/null\nif [[ $? != 0 ]] ; then\n    cat << EOM\nerror: The sandbox is not in sync with the Podfile.lock. Run 'pod install' or update your CocoaPods installation.\nEOM\n    exit 1\nfi\n";
			showEnvVarsInLog = 0;
		};
		72E603D0FEBF416982937AB0 /* Check Pods Manifest.lock */ = {
			isa = PBXShellScriptBuildPhase;
			buildActionMask = 2147483647;
			files = (
			);
			inputPaths = (
			);
			name = "Check Pods Manifest.lock";
			outputPaths = (
			);
			runOnlyForDeploymentPostprocessing = 0;
			shellPath = /bin/sh;
			shellScript = "diff \"${PODS_ROOT}/../Podfile.lock\" \"${PODS_ROOT}/Manifest.lock\" > /dev/null\nif [[ $? != 0 ]] ; then\n    cat << EOM\nerror: The sandbox is not in sync with the Podfile.lock. Run 'pod install' or update your CocoaPods installation.\nEOM\n    exit 1\nfi\n";
			showEnvVarsInLog = 0;
		};
		9A741871DA474D79B5152343 /* Copy Pods Resources */ = {
			isa = PBXShellScriptBuildPhase;
			buildActionMask = 2147483647;
			files = (
			);
			inputPaths = (
			);
			name = "Copy Pods Resources";
			outputPaths = (
			);
			runOnlyForDeploymentPostprocessing = 0;
			shellPath = /bin/sh;
			shellScript = "\"${SRCROOT}/Pods/Pods-resources.sh\"\n";
			showEnvVarsInLog = 0;
		};
		9F96D905E4144031B8E743A4 /* Copy Pods Resources */ = {
			isa = PBXShellScriptBuildPhase;
			buildActionMask = 2147483647;
			files = (
			);
			inputPaths = (
			);
			name = "Copy Pods Resources";
			outputPaths = (
			);
			runOnlyForDeploymentPostprocessing = 0;
			shellPath = /bin/sh;
			shellScript = "\"${SRCROOT}/Pods/Pods-resources.sh\"\n";
			showEnvVarsInLog = 0;
		};
/* End PBXShellScriptBuildPhase section */

/* Begin PBXSourcesBuildPhase section */
		C718A8BD181E664F00C11A0D /* Sources */ = {
			isa = PBXSourcesBuildPhase;
			buildActionMask = 2147483647;
			files = (
				C718A8CD181E664F00C11A0D /* StatensVegvesen_Tests.m in Sources */,
			);
			runOnlyForDeploymentPostprocessing = 0;
		};
		C722D5EA16CA9A17000E96D4 /* Sources */ = {
			isa = PBXSourcesBuildPhase;
			buildActionMask = 2147483647;
			files = (
				C718A8D9181E6CDE00C11A0D /* CLPWebCamera.m in Sources */,
				C722D5FE16CA9A17000E96D4 /* main.m in Sources */,
				C722D60216CA9A17000E96D4 /* CPAppDelegate.m in Sources */,
				C7AA5CDA182C443200CF65DC /* CLPCameraViewController.m in Sources */,
				C718A8DC181E70A500C11A0D /* CLPWebCameraXML.m in Sources */,
				C718A8DF181E72C200C11A0D /* CLPWebCameras.m in Sources */,
				C722D60E16CA9A17000E96D4 /* CLPCamerasViewController.m in Sources */,
				C722D62E16CA9AFF000E96D4 /* CLPCameraService.m in Sources */,
				C718A8E2181E72F200C11A0D /* CLPWebCamerasXML.m in Sources */,
				C75D7F0F17D32B3800BB3E22 /* CLPCameraViewCell.m in Sources */,
			);
			runOnlyForDeploymentPostprocessing = 0;
		};
/* End PBXSourcesBuildPhase section */

/* Begin PBXTargetDependency section */
		C718A8D0181E664F00C11A0D /* PBXTargetDependency */ = {
			isa = PBXTargetDependency;
			target = C722D5ED16CA9A17000E96D4 /* StatensVegvesen */;
			targetProxy = C718A8CF181E664F00C11A0D /* PBXContainerItemProxy */;
		};
/* End PBXTargetDependency section */

/* Begin PBXVariantGroup section */
		C718A8C9181E664F00C11A0D /* InfoPlist.strings */ = {
			isa = PBXVariantGroup;
			children = (
				C718A8CA181E664F00C11A0D /* en */,
			);
			name = InfoPlist.strings;
			sourceTree = "<group>";
		};
		C722D5FA16CA9A17000E96D4 /* InfoPlist.strings */ = {
			isa = PBXVariantGroup;
			children = (
				C722D5FB16CA9A17000E96D4 /* en */,
			);
			name = InfoPlist.strings;
			sourceTree = "<group>";
		};
		C722D60916CA9A17000E96D4 /* MainStoryboard.storyboard */ = {
			isa = PBXVariantGroup;
			children = (
				C722D60A16CA9A17000E96D4 /* en */,
			);
			name = MainStoryboard.storyboard;
			sourceTree = "<group>";
		};
/* End PBXVariantGroup section */

/* Begin XCBuildConfiguration section */
		C718A8D2181E664F00C11A0D /* Debug */ = {
			isa = XCBuildConfiguration;
			baseConfigurationReference = 389F2CDBE0D74194BF3A94B3 /* Pods.xcconfig */;
			buildSettings = {
				BUNDLE_LOADER = "$(BUILT_PRODUCTS_DIR)/StatensVegvesen.app/StatensVegvesen";
				CLANG_ENABLE_MODULES = YES;
				CLANG_ENABLE_OBJC_ARC = YES;
				CLANG_WARN_BOOL_CONVERSION = YES;
				CLANG_WARN_DIRECT_OBJC_ISA_USAGE = YES_ERROR;
				CLANG_WARN_OBJC_ROOT_CLASS = YES_ERROR;
				COPY_PHASE_STRIP = NO;
				FRAMEWORK_SEARCH_PATHS = (
					"$(SDKROOT)/Developer/Library/Frameworks",
					"$(inherited)",
					"$(DEVELOPER_FRAMEWORKS_DIR)",
				);
				GCC_PRECOMPILE_PREFIX_HEADER = YES;
				GCC_PREFIX_HEADER = "StatensVegvesen Tests/StatensVegvesen Tests-Prefix.pch";
				GCC_PREPROCESSOR_DEFINITIONS = (
					"DEBUG=1",
					"$(inherited)",
				);
				GCC_WARN_64_TO_32_BIT_CONVERSION = YES;
				GCC_WARN_ABOUT_RETURN_TYPE = YES_ERROR;
				GCC_WARN_UNDECLARED_SELECTOR = YES;
				GCC_WARN_UNUSED_FUNCTION = YES;
				INFOPLIST_FILE = "StatensVegvesen Tests/StatensVegvesen Tests-Info.plist";
				PRODUCT_NAME = "$(TARGET_NAME)";
				TEST_HOST = "$(BUNDLE_LOADER)";
				WRAPPER_EXTENSION = xctest;
			};
			name = Debug;
		};
		C718A8D3181E664F00C11A0D /* Release */ = {
			isa = XCBuildConfiguration;
			baseConfigurationReference = 389F2CDBE0D74194BF3A94B3 /* Pods.xcconfig */;
			buildSettings = {
				BUNDLE_LOADER = "$(BUILT_PRODUCTS_DIR)/StatensVegvesen.app/StatensVegvesen";
				CLANG_ENABLE_MODULES = YES;
				CLANG_ENABLE_OBJC_ARC = YES;
				CLANG_WARN_BOOL_CONVERSION = YES;
				CLANG_WARN_DIRECT_OBJC_ISA_USAGE = YES_ERROR;
				CLANG_WARN_OBJC_ROOT_CLASS = YES_ERROR;
				COPY_PHASE_STRIP = YES;
				ENABLE_NS_ASSERTIONS = NO;
				FRAMEWORK_SEARCH_PATHS = (
					"$(SDKROOT)/Developer/Library/Frameworks",
					"$(inherited)",
					"$(DEVELOPER_FRAMEWORKS_DIR)",
				);
				GCC_PRECOMPILE_PREFIX_HEADER = YES;
				GCC_PREFIX_HEADER = "StatensVegvesen Tests/StatensVegvesen Tests-Prefix.pch";
				GCC_WARN_64_TO_32_BIT_CONVERSION = YES;
				GCC_WARN_ABOUT_RETURN_TYPE = YES_ERROR;
				GCC_WARN_UNDECLARED_SELECTOR = YES;
				GCC_WARN_UNUSED_FUNCTION = YES;
				INFOPLIST_FILE = "StatensVegvesen Tests/StatensVegvesen Tests-Info.plist";
				PRODUCT_NAME = "$(TARGET_NAME)";
				TEST_HOST = "$(BUNDLE_LOADER)";
				VALIDATE_PRODUCT = YES;
				WRAPPER_EXTENSION = xctest;
			};
			name = Release;
		};
		C722D62416CA9A17000E96D4 /* Debug */ = {
			isa = XCBuildConfiguration;
			buildSettings = {
				ALWAYS_SEARCH_USER_PATHS = NO;
				ARCHS = "$(ARCHS_STANDARD_INCLUDING_64_BIT)";
				CLANG_WARN_CONSTANT_CONVERSION = YES;
				CLANG_WARN_EMPTY_BODY = YES;
				CLANG_WARN_ENUM_CONVERSION = YES;
				CLANG_WARN_INT_CONVERSION = YES;
				CLANG_WARN__DUPLICATE_METHOD_MATCH = YES;
				GCC_DYNAMIC_NO_PIC = NO;
				GCC_OPTIMIZATION_LEVEL = 0;
				GCC_PREPROCESSOR_DEFINITIONS = (
					"DEBUG=1",
					"$(inherited)",
				);
				GCC_SYMBOLS_PRIVATE_EXTERN = NO;
				GCC_WARN_ABOUT_RETURN_TYPE = YES;
				GCC_WARN_UNINITIALIZED_AUTOS = YES;
				GCC_WARN_UNUSED_VARIABLE = YES;
				ONLY_ACTIVE_ARCH = YES;
				SDKROOT = iphoneos;
				TARGETED_DEVICE_FAMILY = 2;
			};
			name = Debug;
		};
		C722D62516CA9A17000E96D4 /* Release */ = {
			isa = XCBuildConfiguration;
			buildSettings = {
				ALWAYS_SEARCH_USER_PATHS = NO;
				ARCHS = "$(ARCHS_STANDARD_INCLUDING_64_BIT)";
				CLANG_WARN_CONSTANT_CONVERSION = YES;
				CLANG_WARN_EMPTY_BODY = YES;
				CLANG_WARN_ENUM_CONVERSION = YES;
				CLANG_WARN_INT_CONVERSION = YES;
				CLANG_WARN__DUPLICATE_METHOD_MATCH = YES;
				GCC_WARN_ABOUT_RETURN_TYPE = YES;
				GCC_WARN_UNINITIALIZED_AUTOS = YES;
				GCC_WARN_UNUSED_VARIABLE = YES;
				OTHER_CFLAGS = "-DNS_BLOCK_ASSERTIONS=1";
				SDKROOT = iphoneos;
				TARGETED_DEVICE_FAMILY = 2;
			};
			name = Release;
		};
		C722D62716CA9A17000E96D4 /* Debug */ = {
			isa = XCBuildConfiguration;
			baseConfigurationReference = 389F2CDBE0D74194BF3A94B3 /* Pods.xcconfig */;
			buildSettings = {
				CLANG_ENABLE_OBJC_ARC = YES;
				CODE_SIGN_IDENTITY = "iPhone Developer";
				GCC_PRECOMPILE_PREFIX_HEADER = YES;
				GCC_PREFIX_HEADER = "StatensVegvesen/StatensVegvesen-Prefix.pch";
				INFOPLIST_FILE = "StatensVegvesen/StatensVegvesen-Info.plist";
				PRODUCT_NAME = "$(TARGET_NAME)";
				PROVISIONING_PROFILE = "";
				WRAPPER_EXTENSION = app;
			};
			name = Debug;
		};
		C722D62816CA9A17000E96D4 /* Release */ = {
			isa = XCBuildConfiguration;
			baseConfigurationReference = 389F2CDBE0D74194BF3A94B3 /* Pods.xcconfig */;
			buildSettings = {
				CLANG_ENABLE_OBJC_ARC = YES;
				GCC_PRECOMPILE_PREFIX_HEADER = YES;
				GCC_PREFIX_HEADER = "StatensVegvesen/StatensVegvesen-Prefix.pch";
				INFOPLIST_FILE = "StatensVegvesen/StatensVegvesen-Info.plist";
				PRODUCT_NAME = "$(TARGET_NAME)";
				WRAPPER_EXTENSION = app;
			};
			name = Release;
		};
/* End XCBuildConfiguration section */

/* Begin XCConfigurationList section */
		C718A8D1181E664F00C11A0D /* Build configuration list for PBXNativeTarget "StatensVegvesen Tests" */ = {
			isa = XCConfigurationList;
			buildConfigurations = (
				C718A8D2181E664F00C11A0D /* Debug */,
				C718A8D3181E664F00C11A0D /* Release */,
			);
			defaultConfigurationIsVisible = 0;
			defaultConfigurationName = Release;
		};
		C722D5E916CA9A17000E96D4 /* Build configuration list for PBXProject "StatensVegvesen" */ = {
			isa = XCConfigurationList;
			buildConfigurations = (
				C722D62416CA9A17000E96D4 /* Debug */,
				C722D62516CA9A17000E96D4 /* Release */,
			);
			defaultConfigurationIsVisible = 0;
			defaultConfigurationName = Release;
		};
		C722D62616CA9A17000E96D4 /* Build configuration list for PBXNativeTarget "StatensVegvesen" */ = {
			isa = XCConfigurationList;
			buildConfigurations = (
				C722D62716CA9A17000E96D4 /* Debug */,
				C722D62816CA9A17000E96D4 /* Release */,
			);
			defaultConfigurationIsVisible = 0;
			defaultConfigurationName = Release;
		};
/* End XCConfigurationList section */
	};
	rootObject = C722D5E616CA9A17000E96D4 /* Project object */;
}
